# THIS IS AN AUTOGENERATED FILE. DO NOT EDIT THIS FILE DIRECTLY.
# yarn lockfile v1


animate.css@^4.1.1:
  version "4.1.1"
  resolved "https://registry.npm.taobao.org/animate.css/download/animate.css-4.1.1.tgz#614ec5a81131d7e4dc362a58143f7406abd68075"
  integrity sha1-YU7FqBEx1+TcNipYFD90BqvWgHU=

uuid@^8.3.2:
  version "8.3.2"
  resolved "https://registry.nlark.com/uuid/download/uuid-8.3.2.tgz?cache=0&sync_timestamp=1622213136953&other_urls=https%3A%2F%2Fregistry.nlark.com%2Fuuid%2Fdownload%2Fuuid-8.3.2.tgz#80d5b5ced271bb9af6c445f21a1a04c606cefbe2"
  integrity sha1-gNW1ztJxu5r2xEXyGhoExgbO++I=
